
Microsoft Visual Studio Solution File, Format Version 12.00
# Visual Studio Version 17
VisualStudioVersion = 17.0.32014.148
MinimumVisualStudioVersion = 10.0.40219.1
Project("{2150E333-8FDC-42A3-9474-1A3956D46DE8}") = "Solution Items", "Solution Items", "{200710AC-5416-47B8-84F3-7DDDFBB1E704}"
	ProjectSection(SolutionItems) = preProject
		.dockerignore = .dockerignore
		.editorconfig = .editorconfig
		.gitattributes = .gitattributes
		.gitignore = .gitignore
		azure-pipelines.yml = azure-pipelines.yml
		CHANGELOG.md = CHANGELOG.md
		CONTRIBUTING.md = CONTRIBUTING.md
		docker-compose.yml = docker-compose.yml
		Dockerfile = Dockerfile
		LICENSE.txt = LICENSE.txt
		README.md = README.md
	EndProjectSection
EndProject
Project("{2150E333-8FDC-42A3-9474-1A3956D46DE8}") = "src", "src", "{BC0265BF-FD43-4440-A265-0E70F62B1410}"
EndProject
Project("{E53339B2-1760-4266-BCC7-CA923CBCF16C}") = "docker-compose", "docker-compose.dcproj", "{666C1ED2-40B8-4C1D-A14B-848E0670BB9C}"
EndProject
Project("{2150E333-8FDC-42A3-9474-1A3956D46DE8}") = "0", "0", "{345B6633-BCF1-46EC-BC8C-32F8DC578F27}"
EndProject
Project("{2150E333-8FDC-42A3-9474-1A3956D46DE8}") = "3", "3", "{05C94A9C-DB3F-459C-9E07-833982EB7763}"
EndProject
Project("{2150E333-8FDC-42A3-9474-1A3956D46DE8}") = "3.1", "3.1", "{E310A2A0-E889-4108-A348-35C462445AEC}"
EndProject
Project("{2150E333-8FDC-42A3-9474-1A3956D46DE8}") = "3.2", "3.2", "{0CF85462-144A-4E84-B9A7-2F0ACCD51832}"
EndProject
Project("{2150E333-8FDC-42A3-9474-1A3956D46DE8}") = "3.3", "3.3", "{E98BF070-B173-4ED1-AC45-B8A719E647CF}"
EndProject
Project("{2150E333-8FDC-42A3-9474-1A3956D46DE8}") = "3.4", "3.4", "{7D6E78DC-A990-49CD-BE53-D9D98636D797}"
EndProject
Global
	GlobalSection(SolutionConfigurationPlatforms) = preSolution
		Debug|Any CPU = Debug|Any CPU
		Debug|x64 = Debug|x64
		Debug|x86 = Debug|x86
		Release|Any CPU = Release|Any CPU
		Release|x64 = Release|x64
		Release|x86 = Release|x86
	EndGlobalSection
	GlobalSection(ProjectConfigurationPlatforms) = postSolution
		{666C1ED2-40B8-4C1D-A14B-848E0670BB9C}.Debug|Any CPU.ActiveCfg = Debug|Any CPU
		{666C1ED2-40B8-4C1D-A14B-848E0670BB9C}.Debug|Any CPU.Build.0 = Debug|Any CPU
		{666C1ED2-40B8-4C1D-A14B-848E0670BB9C}.Debug|x64.ActiveCfg = Debug|Any CPU
		{666C1ED2-40B8-4C1D-A14B-848E0670BB9C}.Debug|x64.Build.0 = Debug|Any CPU
		{666C1ED2-40B8-4C1D-A14B-848E0670BB9C}.Debug|x86.ActiveCfg = Debug|Any CPU
		{666C1ED2-40B8-4C1D-A14B-848E0670BB9C}.Debug|x86.Build.0 = Debug|Any CPU
		{666C1ED2-40B8-4C1D-A14B-848E0670BB9C}.Release|Any CPU.ActiveCfg = Release|Any CPU
		{666C1ED2-40B8-4C1D-A14B-848E0670BB9C}.Release|Any CPU.Build.0 = Release|Any CPU
		{666C1ED2-40B8-4C1D-A14B-848E0670BB9C}.Release|x64.ActiveCfg = Release|Any CPU
		{666C1ED2-40B8-4C1D-A14B-848E0670BB9C}.Release|x64.Build.0 = Release|Any CPU
		{666C1ED2-40B8-4C1D-A14B-848E0670BB9C}.Release|x86.ActiveCfg = Release|Any CPU
		{666C1ED2-40B8-4C1D-A14B-848E0670BB9C}.Release|x86.Build.0 = Release|Any CPU
	EndGlobalSection
	GlobalSection(SolutionProperties) = preSolution
		HideSolutionNode = FALSE
	EndGlobalSection
	GlobalSection(ExtensibilityGlobals) = postSolution
		SolutionGuid = {5401E5B9-6C83-4498-AF90-19477905BBAA}
	EndGlobalSection
EndGlobal
