
Microsoft Visual Studio Solution File, Format Version 12.00
# Visual Studio Version 17
VisualStudioVersion = 17.0.32014.148
MinimumVisualStudioVersion = 10.0.40219.1
Project("{2150E333-8FDC-42A3-9474-1A3956D46DE8}") = "Solution Items", "Solution Items", "{200710AC-5416-47B8-84F3-7DDDFBB1E704}"
	ProjectSection(SolutionItems) = preProject
		.dockerignore = .dockerignore
		.editorconfig = .editorconfig
		.env = .env
		.gitattributes = .gitattributes
		.gitignore = .gitignore
		azure-pipelines.yml = azure-pipelines.yml
		CHANGELOG.md = CHANGELOG.md
		CONTRIBUTING.md = CONTRIBUTING.md
		docker-compose.yml = docker-compose.yml
		Dockerfile = Dockerfile
		LICENSE.txt = LICENSE.txt
		README.md = README.md
	EndProjectSection
EndProject
Project("{2150E333-8FDC-42A3-9474-1A3956D46DE8}") = "src", "src", "{BC0265BF-FD43-4440-A265-0E70F62B1410}"
EndProject
Project("{E53339B2-1760-4266-BCC7-CA923CBCF16C}") = "docker-compose", "docker-compose.dcproj", "{666C1ED2-40B8-4C1D-A14B-848E0670BB9C}"
EndProject
Project("{2150E333-8FDC-42A3-9474-1A3956D46DE8}") = "0. Infra", "0. Infra", "{345B6633-BCF1-46EC-BC8C-32F8DC578F27}"
EndProject
Project("{9A19103F-16F7-4668-BE54-9A1E7A4F7556}") = "Nexus.Infra.Http", "src\Infra\Nexus.Infra.Http\Nexus.Infra.Http.csproj", "{5EA06EF6-D29F-4655-8E74-82A7E1760813}"
EndProject
Project("{9A19103F-16F7-4668-BE54-9A1E7A4F7556}") = "Nexus.Infra.Crosscutting", "src\Infra\Nexus.Infra.Crosscutting\Nexus.Infra.Crosscutting.csproj", "{08E6CEE1-92AE-4D0B-8D88-A912EC4E4CA9}"
EndProject
Project("{9A19103F-16F7-4668-BE54-9A1E7A4F7556}") = "Nexus.Infra.Data.Query", "src\Infra\Nexus.Infra.Data.Query\Nexus.Infra.Data.Query.csproj", "{1BE1A393-160D-453F-9FF6-D121C7CBD09B}"
EndProject
Project("{2150E333-8FDC-42A3-9474-1A3956D46DE8}") = "1. Core", "1. Core", "{05C94A9C-DB3F-459C-9E07-833982EB7763}"
EndProject
Project("{2150E333-8FDC-42A3-9474-1A3956D46DE8}") = "1.1. Presentation", "1.1. Presentation", "{E310A2A0-E889-4108-A348-35C462445AEC}"
EndProject
Project("{2150E333-8FDC-42A3-9474-1A3956D46DE8}") = "1.2. Application", "1.2. Application", "{0CF85462-144A-4E84-B9A7-2F0ACCD51832}"
EndProject
Project("{2150E333-8FDC-42A3-9474-1A3956D46DE8}") = "1.3. Domain", "1.3. Domain", "{E98BF070-B173-4ED1-AC45-B8A719E647CF}"
EndProject
Project("{2150E333-8FDC-42A3-9474-1A3956D46DE8}") = "1.4. Infrastructure", "1.4. Infrastructure", "{7D6E78DC-A990-49CD-BE53-D9D98636D797}"
EndProject
Project("{9A19103F-16F7-4668-BE54-9A1E7A4F7556}") = "Nexus.Core.Infra.IoC", "src\Core\Nexus.Core.Infra.IoC\Nexus.Core.Infra.IoC.csproj", "{188EA6A5-3E18-42C7-8622-06482F4A74FF}"
EndProject
Project("{9A19103F-16F7-4668-BE54-9A1E7A4F7556}") = "Nexus.Core.Infra.Data", "src\Core\Nexus.Core.Infra.Data\Nexus.Core.Infra.Data.csproj", "{2215D279-0654-4092-8678-D79F02180950}"
EndProject
Project("{9A19103F-16F7-4668-BE54-9A1E7A4F7556}") = "Nexus.Core.Infra.Data.Query", "src\Core\Nexus.Core.Infra.Data.Query\Nexus.Core.Infra.Data.Query.csproj", "{52D9A04C-C826-4A71-94F3-40BF48A45163}"
EndProject
Project("{9A19103F-16F7-4668-BE54-9A1E7A4F7556}") = "Nexus.Core.Domain", "src\Core\Nexus.Core.Domain\Nexus.Core.Domain.csproj", "{D91A1CE8-4CFB-411E-A674-F7D6DF062BBD}"
EndProject
Project("{9A19103F-16F7-4668-BE54-9A1E7A4F7556}") = "Nexus.Core.Application", "src\Core\Nexus.Core.Application\Nexus.Core.Application.csproj", "{A1F44379-1017-4EBA-A8CC-02F63879BAF3}"
EndProject
Project("{9A19103F-16F7-4668-BE54-9A1E7A4F7556}") = "Nexus.Core.Model", "src\Core\Nexus.Core.Model\Nexus.Core.Model.csproj", "{D9242FD3-2743-4887-B2F9-4CC2ECE5F0ED}"
EndProject
Project("{9A19103F-16F7-4668-BE54-9A1E7A4F7556}") = "Nexus.Core.Worker", "src\Core\Nexus.Core.Worker\Nexus.Core.Worker.csproj", "{1C6A398D-62F3-458E-B052-B44F5724A2BB}"
EndProject
Project("{FAE04EC0-301F-11D3-BF4B-00C04F79EFBC}") = "Nexus.Infra.Data.EventSourcing", "src\Infra\Nexus.Infra.Data.EventSourcing\Nexus.Infra.Data.EventSourcing.csproj", "{0AE6D698-7CC9-4DB6-974D-FD12E586DC01}"
EndProject
Project("{FAE04EC0-301F-11D3-BF4B-00C04F79EFBC}") = "Nexus.Core.Api", "src\Core\Nexus.Core.Api\Nexus.Core.Api.csproj", "{FBB62D9A-412F-0CA0-2546-7466C72829D9}"
EndProject
Project("{2150E333-8FDC-42A3-9474-1A3956D46DE8}") = "2. Hcm", "2. Hcm", "{32490384-52C5-C4A9-46F5-A97E9D144A0C}"
EndProject
Project("{FAE04EC0-301F-11D3-BF4B-00C04F79EFBC}") = "Nexus.Hcm.Api", "src\Hcm\Nexus.Hcm.Api\Nexus.Hcm.Api.csproj", "{BA27A583-52C8-4913-9AD0-14822780A901}"
EndProject
Project("{2150E333-8FDC-42A3-9474-1A3956D46DE8}") = "2.1. Presentation", "2.1. Presentation", "{EC5B203A-C41A-429B-8903-39151D371607}"
EndProject
Project("{FAE04EC0-301F-11D3-BF4B-00C04F79EFBC}") = "Nexus.Hcm.Worker", "src\Hcm\Nexus.Hcm.Worker\Nexus.Hcm.Worker.csproj", "{3E5C8F26-D0B2-40AF-B3F8-B94250EC5FA6}"
EndProject
Project("{FAE04EC0-301F-11D3-BF4B-00C04F79EFBC}") = "Nexus.Hcm.Application", "src\Hcm\Nexus.Hcm.Application\Nexus.Hcm.Application.csproj", "{59AA3E81-119C-4E3C-9CAC-1C6C3E0CBE6E}"
EndProject
Project("{FAE04EC0-301F-11D3-BF4B-00C04F79EFBC}") = "Nexus.Hcm.Domain", "src\Hcm\Nexus.Hcm.Domain\Nexus.Hcm.Domain.csproj", "{DC30C41F-017B-416C-A348-0112BD4AD70F}"
EndProject
Project("{FAE04EC0-301F-11D3-BF4B-00C04F79EFBC}") = "Nexus.Hcm.Infra.Data", "src\Hcm\Nexus.Hcm.Infra.Data\Nexus.Hcm.Infra.Data.csproj", "{5DB56F05-A163-4BBF-9C90-45243061B194}"
EndProject
Project("{FAE04EC0-301F-11D3-BF4B-00C04F79EFBC}") = "Nexus.Hcm.Infra.Data.Query", "src\Hcm\Nexus.Hcm.Infra.Data.Query\Nexus.Hcm.Infra.Data.Query.csproj", "{49D4F1A9-CCCC-471A-B4BD-EFA3D2D630D4}"
EndProject
Project("{FAE04EC0-301F-11D3-BF4B-00C04F79EFBC}") = "Nexus.Hcm.Infra.IoC", "src\Hcm\Nexus.Hcm.Infra.IoC\Nexus.Hcm.Infra.IoC.csproj", "{6EB6D8D7-1131-4BE3-A72B-4EAB34F567A6}"
EndProject
Project("{2150E333-8FDC-42A3-9474-1A3956D46DE8}") = "2. Hcm", "2. Hcm", "{32490384-52C5-C4A9-46F5-A97E9D144A0C}"
EndProject
Project("{FAE04EC0-301F-11D3-BF4B-00C04F79EFBC}") = "Nexus.Hcm.Model", "src\Hcm\Nexus.Hcm.Model\Nexus.Hcm.Model.csproj", "{30100800-ABDE-4D03-A7E2-2DDB9E838BEC}"
EndProject
Project("{2150E333-8FDC-42A3-9474-1A3956D46DE8}") = "2.2. Application", "2.2. Application", "{6B1BAE73-2910-44E8-B44C-40D0D4759888}"
EndProject
Project("{2150E333-8FDC-42A3-9474-1A3956D46DE8}") = "2.3. Domain", "2.3. Domain", "{971E904C-28D8-4D5F-ACF7-3258CB573ED3}"
EndProject
Project("{2150E333-8FDC-42A3-9474-1A3956D46DE8}") = "2.4. Infrastructure", "2.4. Infrastructure", "{1503D31B-422A-4206-BA17-8AF20C60E160}"
EndProject
Global
	GlobalSection(SolutionConfigurationPlatforms) = preSolution
		Debug|Any CPU = Debug|Any CPU
		Debug|x64 = Debug|x64
		Debug|x86 = Debug|x86
		Release|Any CPU = Release|Any CPU
		Release|x64 = Release|x64
		Release|x86 = Release|x86
	EndGlobalSection
	GlobalSection(ProjectConfigurationPlatforms) = postSolution
		{666C1ED2-40B8-4C1D-A14B-848E0670BB9C}.Debug|Any CPU.ActiveCfg = Debug|Any CPU
		{666C1ED2-40B8-4C1D-A14B-848E0670BB9C}.Debug|Any CPU.Build.0 = Debug|Any CPU
		{666C1ED2-40B8-4C1D-A14B-848E0670BB9C}.Debug|x64.ActiveCfg = Debug|Any CPU
		{666C1ED2-40B8-4C1D-A14B-848E0670BB9C}.Debug|x64.Build.0 = Debug|Any CPU
		{666C1ED2-40B8-4C1D-A14B-848E0670BB9C}.Debug|x86.ActiveCfg = Debug|Any CPU
		{666C1ED2-40B8-4C1D-A14B-848E0670BB9C}.Debug|x86.Build.0 = Debug|Any CPU
		{666C1ED2-40B8-4C1D-A14B-848E0670BB9C}.Release|Any CPU.ActiveCfg = Release|Any CPU
		{666C1ED2-40B8-4C1D-A14B-848E0670BB9C}.Release|Any CPU.Build.0 = Release|Any CPU
		{666C1ED2-40B8-4C1D-A14B-848E0670BB9C}.Release|x64.ActiveCfg = Release|Any CPU
		{666C1ED2-40B8-4C1D-A14B-848E0670BB9C}.Release|x64.Build.0 = Release|Any CPU
		{666C1ED2-40B8-4C1D-A14B-848E0670BB9C}.Release|x86.ActiveCfg = Release|Any CPU
		{666C1ED2-40B8-4C1D-A14B-848E0670BB9C}.Release|x86.Build.0 = Release|Any CPU
		{5EA06EF6-D29F-4655-8E74-82A7E1760813}.Debug|Any CPU.ActiveCfg = Debug|Any CPU
		{5EA06EF6-D29F-4655-8E74-82A7E1760813}.Debug|Any CPU.Build.0 = Debug|Any CPU
		{5EA06EF6-D29F-4655-8E74-82A7E1760813}.Debug|x64.ActiveCfg = Debug|Any CPU
		{5EA06EF6-D29F-4655-8E74-82A7E1760813}.Debug|x64.Build.0 = Debug|Any CPU
		{5EA06EF6-D29F-4655-8E74-82A7E1760813}.Debug|x86.ActiveCfg = Debug|Any CPU
		{5EA06EF6-D29F-4655-8E74-82A7E1760813}.Debug|x86.Build.0 = Debug|Any CPU
		{5EA06EF6-D29F-4655-8E74-82A7E1760813}.Release|Any CPU.ActiveCfg = Release|Any CPU
		{5EA06EF6-D29F-4655-8E74-82A7E1760813}.Release|Any CPU.Build.0 = Release|Any CPU
		{5EA06EF6-D29F-4655-8E74-82A7E1760813}.Release|x64.ActiveCfg = Release|Any CPU
		{5EA06EF6-D29F-4655-8E74-82A7E1760813}.Release|x64.Build.0 = Release|Any CPU
		{5EA06EF6-D29F-4655-8E74-82A7E1760813}.Release|x86.ActiveCfg = Release|Any CPU
		{5EA06EF6-D29F-4655-8E74-82A7E1760813}.Release|x86.Build.0 = Release|Any CPU
		{08E6CEE1-92AE-4D0B-8D88-A912EC4E4CA9}.Debug|Any CPU.ActiveCfg = Debug|Any CPU
		{08E6CEE1-92AE-4D0B-8D88-A912EC4E4CA9}.Debug|Any CPU.Build.0 = Debug|Any CPU
		{08E6CEE1-92AE-4D0B-8D88-A912EC4E4CA9}.Debug|x64.ActiveCfg = Debug|Any CPU
		{08E6CEE1-92AE-4D0B-8D88-A912EC4E4CA9}.Debug|x64.Build.0 = Debug|Any CPU
		{08E6CEE1-92AE-4D0B-8D88-A912EC4E4CA9}.Debug|x86.ActiveCfg = Debug|Any CPU
		{08E6CEE1-92AE-4D0B-8D88-A912EC4E4CA9}.Debug|x86.Build.0 = Debug|Any CPU
		{08E6CEE1-92AE-4D0B-8D88-A912EC4E4CA9}.Release|Any CPU.ActiveCfg = Release|Any CPU
		{08E6CEE1-92AE-4D0B-8D88-A912EC4E4CA9}.Release|Any CPU.Build.0 = Release|Any CPU
		{08E6CEE1-92AE-4D0B-8D88-A912EC4E4CA9}.Release|x64.ActiveCfg = Release|Any CPU
		{08E6CEE1-92AE-4D0B-8D88-A912EC4E4CA9}.Release|x64.Build.0 = Release|Any CPU
		{08E6CEE1-92AE-4D0B-8D88-A912EC4E4CA9}.Release|x86.ActiveCfg = Release|Any CPU
		{08E6CEE1-92AE-4D0B-8D88-A912EC4E4CA9}.Release|x86.Build.0 = Release|Any CPU
		{1BE1A393-160D-453F-9FF6-D121C7CBD09B}.Debug|Any CPU.ActiveCfg = Debug|Any CPU
		{1BE1A393-160D-453F-9FF6-D121C7CBD09B}.Debug|Any CPU.Build.0 = Debug|Any CPU
		{1BE1A393-160D-453F-9FF6-D121C7CBD09B}.Debug|x64.ActiveCfg = Debug|Any CPU
		{1BE1A393-160D-453F-9FF6-D121C7CBD09B}.Debug|x64.Build.0 = Debug|Any CPU
		{1BE1A393-160D-453F-9FF6-D121C7CBD09B}.Debug|x86.ActiveCfg = Debug|Any CPU
		{1BE1A393-160D-453F-9FF6-D121C7CBD09B}.Debug|x86.Build.0 = Debug|Any CPU
		{1BE1A393-160D-453F-9FF6-D121C7CBD09B}.Release|Any CPU.ActiveCfg = Release|Any CPU
		{1BE1A393-160D-453F-9FF6-D121C7CBD09B}.Release|Any CPU.Build.0 = Release|Any CPU
		{1BE1A393-160D-453F-9FF6-D121C7CBD09B}.Release|x64.ActiveCfg = Release|Any CPU
		{1BE1A393-160D-453F-9FF6-D121C7CBD09B}.Release|x64.Build.0 = Release|Any CPU
		{1BE1A393-160D-453F-9FF6-D121C7CBD09B}.Release|x86.ActiveCfg = Release|Any CPU
		{1BE1A393-160D-453F-9FF6-D121C7CBD09B}.Release|x86.Build.0 = Release|Any CPU
		{188EA6A5-3E18-42C7-8622-06482F4A74FF}.Debug|Any CPU.ActiveCfg = Debug|Any CPU
		{188EA6A5-3E18-42C7-8622-06482F4A74FF}.Debug|Any CPU.Build.0 = Debug|Any CPU
		{188EA6A5-3E18-42C7-8622-06482F4A74FF}.Debug|x64.ActiveCfg = Debug|Any CPU
		{188EA6A5-3E18-42C7-8622-06482F4A74FF}.Debug|x64.Build.0 = Debug|Any CPU
		{188EA6A5-3E18-42C7-8622-06482F4A74FF}.Debug|x86.ActiveCfg = Debug|Any CPU
		{188EA6A5-3E18-42C7-8622-06482F4A74FF}.Debug|x86.Build.0 = Debug|Any CPU
		{188EA6A5-3E18-42C7-8622-06482F4A74FF}.Release|Any CPU.ActiveCfg = Release|Any CPU
		{188EA6A5-3E18-42C7-8622-06482F4A74FF}.Release|Any CPU.Build.0 = Release|Any CPU
		{188EA6A5-3E18-42C7-8622-06482F4A74FF}.Release|x64.ActiveCfg = Release|Any CPU
		{188EA6A5-3E18-42C7-8622-06482F4A74FF}.Release|x64.Build.0 = Release|Any CPU
		{188EA6A5-3E18-42C7-8622-06482F4A74FF}.Release|x86.ActiveCfg = Release|Any CPU
		{188EA6A5-3E18-42C7-8622-06482F4A74FF}.Release|x86.Build.0 = Release|Any CPU
		{2215D279-0654-4092-8678-D79F02180950}.Debug|Any CPU.ActiveCfg = Debug|Any CPU
		{2215D279-0654-4092-8678-D79F02180950}.Debug|Any CPU.Build.0 = Debug|Any CPU
		{2215D279-0654-4092-8678-D79F02180950}.Debug|x64.ActiveCfg = Debug|Any CPU
		{2215D279-0654-4092-8678-D79F02180950}.Debug|x64.Build.0 = Debug|Any CPU
		{2215D279-0654-4092-8678-D79F02180950}.Debug|x86.ActiveCfg = Debug|Any CPU
		{2215D279-0654-4092-8678-D79F02180950}.Debug|x86.Build.0 = Debug|Any CPU
		{2215D279-0654-4092-8678-D79F02180950}.Release|Any CPU.ActiveCfg = Release|Any CPU
		{2215D279-0654-4092-8678-D79F02180950}.Release|Any CPU.Build.0 = Release|Any CPU
		{2215D279-0654-4092-8678-D79F02180950}.Release|x64.ActiveCfg = Release|Any CPU
		{2215D279-0654-4092-8678-D79F02180950}.Release|x64.Build.0 = Release|Any CPU
		{2215D279-0654-4092-8678-D79F02180950}.Release|x86.ActiveCfg = Release|Any CPU
		{2215D279-0654-4092-8678-D79F02180950}.Release|x86.Build.0 = Release|Any CPU
		{52D9A04C-C826-4A71-94F3-40BF48A45163}.Debug|Any CPU.ActiveCfg = Debug|Any CPU
		{52D9A04C-C826-4A71-94F3-40BF48A45163}.Debug|Any CPU.Build.0 = Debug|Any CPU
		{52D9A04C-C826-4A71-94F3-40BF48A45163}.Debug|x64.ActiveCfg = Debug|Any CPU
		{52D9A04C-C826-4A71-94F3-40BF48A45163}.Debug|x64.Build.0 = Debug|Any CPU
		{52D9A04C-C826-4A71-94F3-40BF48A45163}.Debug|x86.ActiveCfg = Debug|Any CPU
		{52D9A04C-C826-4A71-94F3-40BF48A45163}.Debug|x86.Build.0 = Debug|Any CPU
		{52D9A04C-C826-4A71-94F3-40BF48A45163}.Release|Any CPU.ActiveCfg = Release|Any CPU
		{52D9A04C-C826-4A71-94F3-40BF48A45163}.Release|Any CPU.Build.0 = Release|Any CPU
		{52D9A04C-C826-4A71-94F3-40BF48A45163}.Release|x64.ActiveCfg = Release|Any CPU
		{52D9A04C-C826-4A71-94F3-40BF48A45163}.Release|x64.Build.0 = Release|Any CPU
		{52D9A04C-C826-4A71-94F3-40BF48A45163}.Release|x86.ActiveCfg = Release|Any CPU
		{52D9A04C-C826-4A71-94F3-40BF48A45163}.Release|x86.Build.0 = Release|Any CPU
		{D91A1CE8-4CFB-411E-A674-F7D6DF062BBD}.Debug|Any CPU.ActiveCfg = Debug|Any CPU
		{D91A1CE8-4CFB-411E-A674-F7D6DF062BBD}.Debug|Any CPU.Build.0 = Debug|Any CPU
		{D91A1CE8-4CFB-411E-A674-F7D6DF062BBD}.Debug|x64.ActiveCfg = Debug|Any CPU
		{D91A1CE8-4CFB-411E-A674-F7D6DF062BBD}.Debug|x64.Build.0 = Debug|Any CPU
		{D91A1CE8-4CFB-411E-A674-F7D6DF062BBD}.Debug|x86.ActiveCfg = Debug|Any CPU
		{D91A1CE8-4CFB-411E-A674-F7D6DF062BBD}.Debug|x86.Build.0 = Debug|Any CPU
		{D91A1CE8-4CFB-411E-A674-F7D6DF062BBD}.Release|Any CPU.ActiveCfg = Release|Any CPU
		{D91A1CE8-4CFB-411E-A674-F7D6DF062BBD}.Release|Any CPU.Build.0 = Release|Any CPU
		{D91A1CE8-4CFB-411E-A674-F7D6DF062BBD}.Release|x64.ActiveCfg = Release|Any CPU
		{D91A1CE8-4CFB-411E-A674-F7D6DF062BBD}.Release|x64.Build.0 = Release|Any CPU
		{D91A1CE8-4CFB-411E-A674-F7D6DF062BBD}.Release|x86.ActiveCfg = Release|Any CPU
		{D91A1CE8-4CFB-411E-A674-F7D6DF062BBD}.Release|x86.Build.0 = Release|Any CPU
		{A1F44379-1017-4EBA-A8CC-02F63879BAF3}.Debug|Any CPU.ActiveCfg = Debug|Any CPU
		{A1F44379-1017-4EBA-A8CC-02F63879BAF3}.Debug|Any CPU.Build.0 = Debug|Any CPU
		{A1F44379-1017-4EBA-A8CC-02F63879BAF3}.Debug|x64.ActiveCfg = Debug|Any CPU
		{A1F44379-1017-4EBA-A8CC-02F63879BAF3}.Debug|x64.Build.0 = Debug|Any CPU
		{A1F44379-1017-4EBA-A8CC-02F63879BAF3}.Debug|x86.ActiveCfg = Debug|Any CPU
		{A1F44379-1017-4EBA-A8CC-02F63879BAF3}.Debug|x86.Build.0 = Debug|Any CPU
		{A1F44379-1017-4EBA-A8CC-02F63879BAF3}.Release|Any CPU.ActiveCfg = Release|Any CPU
		{A1F44379-1017-4EBA-A8CC-02F63879BAF3}.Release|Any CPU.Build.0 = Release|Any CPU
		{A1F44379-1017-4EBA-A8CC-02F63879BAF3}.Release|x64.ActiveCfg = Release|Any CPU
		{A1F44379-1017-4EBA-A8CC-02F63879BAF3}.Release|x64.Build.0 = Release|Any CPU
		{A1F44379-1017-4EBA-A8CC-02F63879BAF3}.Release|x86.ActiveCfg = Release|Any CPU
		{A1F44379-1017-4EBA-A8CC-02F63879BAF3}.Release|x86.Build.0 = Release|Any CPU
		{D9242FD3-2743-4887-B2F9-4CC2ECE5F0ED}.Debug|Any CPU.ActiveCfg = Debug|Any CPU
		{D9242FD3-2743-4887-B2F9-4CC2ECE5F0ED}.Debug|Any CPU.Build.0 = Debug|Any CPU
		{D9242FD3-2743-4887-B2F9-4CC2ECE5F0ED}.Debug|x64.ActiveCfg = Debug|Any CPU
		{D9242FD3-2743-4887-B2F9-4CC2ECE5F0ED}.Debug|x64.Build.0 = Debug|Any CPU
		{D9242FD3-2743-4887-B2F9-4CC2ECE5F0ED}.Debug|x86.ActiveCfg = Debug|Any CPU
		{D9242FD3-2743-4887-B2F9-4CC2ECE5F0ED}.Debug|x86.Build.0 = Debug|Any CPU
		{D9242FD3-2743-4887-B2F9-4CC2ECE5F0ED}.Release|Any CPU.ActiveCfg = Release|Any CPU
		{D9242FD3-2743-4887-B2F9-4CC2ECE5F0ED}.Release|Any CPU.Build.0 = Release|Any CPU
		{D9242FD3-2743-4887-B2F9-4CC2ECE5F0ED}.Release|x64.ActiveCfg = Release|Any CPU
		{D9242FD3-2743-4887-B2F9-4CC2ECE5F0ED}.Release|x64.Build.0 = Release|Any CPU
		{D9242FD3-2743-4887-B2F9-4CC2ECE5F0ED}.Release|x86.ActiveCfg = Release|Any CPU
		{D9242FD3-2743-4887-B2F9-4CC2ECE5F0ED}.Release|x86.Build.0 = Release|Any CPU
		{1C6A398D-62F3-458E-B052-B44F5724A2BB}.Debug|Any CPU.ActiveCfg = Debug|Any CPU
		{1C6A398D-62F3-458E-B052-B44F5724A2BB}.Debug|Any CPU.Build.0 = Debug|Any CPU
		{1C6A398D-62F3-458E-B052-B44F5724A2BB}.Debug|x64.ActiveCfg = Debug|Any CPU
		{1C6A398D-62F3-458E-B052-B44F5724A2BB}.Debug|x64.Build.0 = Debug|Any CPU
		{1C6A398D-62F3-458E-B052-B44F5724A2BB}.Debug|x86.ActiveCfg = Debug|Any CPU
		{1C6A398D-62F3-458E-B052-B44F5724A2BB}.Debug|x86.Build.0 = Debug|Any CPU
		{1C6A398D-62F3-458E-B052-B44F5724A2BB}.Release|Any CPU.ActiveCfg = Release|Any CPU
		{1C6A398D-62F3-458E-B052-B44F5724A2BB}.Release|Any CPU.Build.0 = Release|Any CPU
		{1C6A398D-62F3-458E-B052-B44F5724A2BB}.Release|x64.ActiveCfg = Release|Any CPU
		{1C6A398D-62F3-458E-B052-B44F5724A2BB}.Release|x64.Build.0 = Release|Any CPU
		{1C6A398D-62F3-458E-B052-B44F5724A2BB}.Release|x86.ActiveCfg = Release|Any CPU
		{1C6A398D-62F3-458E-B052-B44F5724A2BB}.Release|x86.Build.0 = Release|Any CPU
		{0AE6D698-7CC9-4DB6-974D-FD12E586DC01}.Debug|Any CPU.ActiveCfg = Debug|Any CPU
		{0AE6D698-7CC9-4DB6-974D-FD12E586DC01}.Debug|Any CPU.Build.0 = Debug|Any CPU
		{0AE6D698-7CC9-4DB6-974D-FD12E586DC01}.Debug|x64.ActiveCfg = Debug|Any CPU
		{0AE6D698-7CC9-4DB6-974D-FD12E586DC01}.Debug|x64.Build.0 = Debug|Any CPU
		{0AE6D698-7CC9-4DB6-974D-FD12E586DC01}.Debug|x86.ActiveCfg = Debug|Any CPU
		{0AE6D698-7CC9-4DB6-974D-FD12E586DC01}.Debug|x86.Build.0 = Debug|Any CPU
		{0AE6D698-7CC9-4DB6-974D-FD12E586DC01}.Release|Any CPU.ActiveCfg = Release|Any CPU
		{0AE6D698-7CC9-4DB6-974D-FD12E586DC01}.Release|Any CPU.Build.0 = Release|Any CPU
		{0AE6D698-7CC9-4DB6-974D-FD12E586DC01}.Release|x64.ActiveCfg = Release|Any CPU
		{0AE6D698-7CC9-4DB6-974D-FD12E586DC01}.Release|x64.Build.0 = Release|Any CPU
		{0AE6D698-7CC9-4DB6-974D-FD12E586DC01}.Release|x86.ActiveCfg = Release|Any CPU
		{0AE6D698-7CC9-4DB6-974D-FD12E586DC01}.Release|x86.Build.0 = Release|Any CPU
		{FBB62D9A-412F-0CA0-2546-7466C72829D9}.Debug|Any CPU.ActiveCfg = Debug|Any CPU
		{FBB62D9A-412F-0CA0-2546-7466C72829D9}.Debug|Any CPU.Build.0 = Debug|Any CPU
		{FBB62D9A-412F-0CA0-2546-7466C72829D9}.Debug|x64.ActiveCfg = Debug|Any CPU
		{FBB62D9A-412F-0CA0-2546-7466C72829D9}.Debug|x64.Build.0 = Debug|Any CPU
		{FBB62D9A-412F-0CA0-2546-7466C72829D9}.Debug|x86.ActiveCfg = Debug|Any CPU
		{FBB62D9A-412F-0CA0-2546-7466C72829D9}.Debug|x86.Build.0 = Debug|Any CPU
		{FBB62D9A-412F-0CA0-2546-7466C72829D9}.Release|Any CPU.ActiveCfg = Release|Any CPU
		{FBB62D9A-412F-0CA0-2546-7466C72829D9}.Release|Any CPU.Build.0 = Release|Any CPU
		{FBB62D9A-412F-0CA0-2546-7466C72829D9}.Release|x64.ActiveCfg = Release|Any CPU
		{FBB62D9A-412F-0CA0-2546-7466C72829D9}.Release|x64.Build.0 = Release|Any CPU
		{FBB62D9A-412F-0CA0-2546-7466C72829D9}.Release|x86.ActiveCfg = Release|Any CPU
		{FBB62D9A-412F-0CA0-2546-7466C72829D9}.Release|x86.Build.0 = Release|Any CPU
		{BA27A583-52C8-4913-9AD0-14822780A901}.Debug|Any CPU.ActiveCfg = Debug|Any CPU
		{BA27A583-52C8-4913-9AD0-14822780A901}.Debug|Any CPU.Build.0 = Debug|Any CPU
		{BA27A583-52C8-4913-9AD0-14822780A901}.Debug|x64.ActiveCfg = Debug|Any CPU
		{BA27A583-52C8-4913-9AD0-14822780A901}.Debug|x64.Build.0 = Debug|Any CPU
		{BA27A583-52C8-4913-9AD0-14822780A901}.Debug|x86.ActiveCfg = Debug|Any CPU
		{BA27A583-52C8-4913-9AD0-14822780A901}.Debug|x86.Build.0 = Debug|Any CPU
		{BA27A583-52C8-4913-9AD0-14822780A901}.Release|Any CPU.ActiveCfg = Release|Any CPU
		{BA27A583-52C8-4913-9AD0-14822780A901}.Release|Any CPU.Build.0 = Release|Any CPU
		{BA27A583-52C8-4913-9AD0-14822780A901}.Release|x64.ActiveCfg = Release|Any CPU
		{BA27A583-52C8-4913-9AD0-14822780A901}.Release|x64.Build.0 = Release|Any CPU
		{BA27A583-52C8-4913-9AD0-14822780A901}.Release|x86.ActiveCfg = Release|Any CPU
		{BA27A583-52C8-4913-9AD0-14822780A901}.Release|x86.Build.0 = Release|Any CPU
		{3E5C8F26-D0B2-40AF-B3F8-B94250EC5FA6}.Debug|Any CPU.ActiveCfg = Debug|Any CPU
		{3E5C8F26-D0B2-40AF-B3F8-B94250EC5FA6}.Debug|Any CPU.Build.0 = Debug|Any CPU
		{3E5C8F26-D0B2-40AF-B3F8-B94250EC5FA6}.Debug|x64.ActiveCfg = Debug|Any CPU
		{3E5C8F26-D0B2-40AF-B3F8-B94250EC5FA6}.Debug|x64.Build.0 = Debug|Any CPU
		{3E5C8F26-D0B2-40AF-B3F8-B94250EC5FA6}.Debug|x86.ActiveCfg = Debug|Any CPU
		{3E5C8F26-D0B2-40AF-B3F8-B94250EC5FA6}.Debug|x86.Build.0 = Debug|Any CPU
		{3E5C8F26-D0B2-40AF-B3F8-B94250EC5FA6}.Release|Any CPU.ActiveCfg = Release|Any CPU
		{3E5C8F26-D0B2-40AF-B3F8-B94250EC5FA6}.Release|Any CPU.Build.0 = Release|Any CPU
		{3E5C8F26-D0B2-40AF-B3F8-B94250EC5FA6}.Release|x64.ActiveCfg = Release|Any CPU
		{3E5C8F26-D0B2-40AF-B3F8-B94250EC5FA6}.Release|x64.Build.0 = Release|Any CPU
		{3E5C8F26-D0B2-40AF-B3F8-B94250EC5FA6}.Release|x86.ActiveCfg = Release|Any CPU
		{3E5C8F26-D0B2-40AF-B3F8-B94250EC5FA6}.Release|x86.Build.0 = Release|Any CPU
		{59AA3E81-119C-4E3C-9CAC-1C6C3E0CBE6E}.Debug|Any CPU.ActiveCfg = Debug|Any CPU
		{59AA3E81-119C-4E3C-9CAC-1C6C3E0CBE6E}.Debug|Any CPU.Build.0 = Debug|Any CPU
		{59AA3E81-119C-4E3C-9CAC-1C6C3E0CBE6E}.Debug|x64.ActiveCfg = Debug|Any CPU
		{59AA3E81-119C-4E3C-9CAC-1C6C3E0CBE6E}.Debug|x64.Build.0 = Debug|Any CPU
		{59AA3E81-119C-4E3C-9CAC-1C6C3E0CBE6E}.Debug|x86.ActiveCfg = Debug|Any CPU
		{59AA3E81-119C-4E3C-9CAC-1C6C3E0CBE6E}.Debug|x86.Build.0 = Debug|Any CPU
		{59AA3E81-119C-4E3C-9CAC-1C6C3E0CBE6E}.Release|Any CPU.ActiveCfg = Release|Any CPU
		{59AA3E81-119C-4E3C-9CAC-1C6C3E0CBE6E}.Release|Any CPU.Build.0 = Release|Any CPU
		{59AA3E81-119C-4E3C-9CAC-1C6C3E0CBE6E}.Release|x64.ActiveCfg = Release|Any CPU
		{59AA3E81-119C-4E3C-9CAC-1C6C3E0CBE6E}.Release|x64.Build.0 = Release|Any CPU
		{59AA3E81-119C-4E3C-9CAC-1C6C3E0CBE6E}.Release|x86.ActiveCfg = Release|Any CPU
		{59AA3E81-119C-4E3C-9CAC-1C6C3E0CBE6E}.Release|x86.Build.0 = Release|Any CPU
		{DC30C41F-017B-416C-A348-0112BD4AD70F}.Debug|Any CPU.ActiveCfg = Debug|Any CPU
		{DC30C41F-017B-416C-A348-0112BD4AD70F}.Debug|Any CPU.Build.0 = Debug|Any CPU
		{DC30C41F-017B-416C-A348-0112BD4AD70F}.Debug|x64.ActiveCfg = Debug|Any CPU
		{DC30C41F-017B-416C-A348-0112BD4AD70F}.Debug|x64.Build.0 = Debug|Any CPU
		{DC30C41F-017B-416C-A348-0112BD4AD70F}.Debug|x86.ActiveCfg = Debug|Any CPU
		{DC30C41F-017B-416C-A348-0112BD4AD70F}.Debug|x86.Build.0 = Debug|Any CPU
		{DC30C41F-017B-416C-A348-0112BD4AD70F}.Release|Any CPU.ActiveCfg = Release|Any CPU
		{DC30C41F-017B-416C-A348-0112BD4AD70F}.Release|Any CPU.Build.0 = Release|Any CPU
		{DC30C41F-017B-416C-A348-0112BD4AD70F}.Release|x64.ActiveCfg = Release|Any CPU
		{DC30C41F-017B-416C-A348-0112BD4AD70F}.Release|x64.Build.0 = Release|Any CPU
		{DC30C41F-017B-416C-A348-0112BD4AD70F}.Release|x86.ActiveCfg = Release|Any CPU
		{DC30C41F-017B-416C-A348-0112BD4AD70F}.Release|x86.Build.0 = Release|Any CPU
		{5DB56F05-A163-4BBF-9C90-45243061B194}.Debug|Any CPU.ActiveCfg = Debug|Any CPU
		{5DB56F05-A163-4BBF-9C90-45243061B194}.Debug|Any CPU.Build.0 = Debug|Any CPU
		{5DB56F05-A163-4BBF-9C90-45243061B194}.Debug|x64.ActiveCfg = Debug|Any CPU
		{5DB56F05-A163-4BBF-9C90-45243061B194}.Debug|x64.Build.0 = Debug|Any CPU
		{5DB56F05-A163-4BBF-9C90-45243061B194}.Debug|x86.ActiveCfg = Debug|Any CPU
		{5DB56F05-A163-4BBF-9C90-45243061B194}.Debug|x86.Build.0 = Debug|Any CPU
		{5DB56F05-A163-4BBF-9C90-45243061B194}.Release|Any CPU.ActiveCfg = Release|Any CPU
		{5DB56F05-A163-4BBF-9C90-45243061B194}.Release|Any CPU.Build.0 = Release|Any CPU
		{5DB56F05-A163-4BBF-9C90-45243061B194}.Release|x64.ActiveCfg = Release|Any CPU
		{5DB56F05-A163-4BBF-9C90-45243061B194}.Release|x64.Build.0 = Release|Any CPU
		{5DB56F05-A163-4BBF-9C90-45243061B194}.Release|x86.ActiveCfg = Release|Any CPU
		{5DB56F05-A163-4BBF-9C90-45243061B194}.Release|x86.Build.0 = Release|Any CPU
		{49D4F1A9-CCCC-471A-B4BD-EFA3D2D630D4}.Debug|Any CPU.ActiveCfg = Debug|Any CPU
		{49D4F1A9-CCCC-471A-B4BD-EFA3D2D630D4}.Debug|Any CPU.Build.0 = Debug|Any CPU
		{49D4F1A9-CCCC-471A-B4BD-EFA3D2D630D4}.Debug|x64.ActiveCfg = Debug|Any CPU
		{49D4F1A9-CCCC-471A-B4BD-EFA3D2D630D4}.Debug|x64.Build.0 = Debug|Any CPU
		{49D4F1A9-CCCC-471A-B4BD-EFA3D2D630D4}.Debug|x86.ActiveCfg = Debug|Any CPU
		{49D4F1A9-CCCC-471A-B4BD-EFA3D2D630D4}.Debug|x86.Build.0 = Debug|Any CPU
		{49D4F1A9-CCCC-471A-B4BD-EFA3D2D630D4}.Release|Any CPU.ActiveCfg = Release|Any CPU
		{49D4F1A9-CCCC-471A-B4BD-EFA3D2D630D4}.Release|Any CPU.Build.0 = Release|Any CPU
		{49D4F1A9-CCCC-471A-B4BD-EFA3D2D630D4}.Release|x64.ActiveCfg = Release|Any CPU
		{49D4F1A9-CCCC-471A-B4BD-EFA3D2D630D4}.Release|x64.Build.0 = Release|Any CPU
		{49D4F1A9-CCCC-471A-B4BD-EFA3D2D630D4}.Release|x86.ActiveCfg = Release|Any CPU
		{49D4F1A9-CCCC-471A-B4BD-EFA3D2D630D4}.Release|x86.Build.0 = Release|Any CPU
		{6EB6D8D7-1131-4BE3-A72B-4EAB34F567A6}.Debug|Any CPU.ActiveCfg = Debug|Any CPU
		{6EB6D8D7-1131-4BE3-A72B-4EAB34F567A6}.Debug|Any CPU.Build.0 = Debug|Any CPU
		{6EB6D8D7-1131-4BE3-A72B-4EAB34F567A6}.Debug|x64.ActiveCfg = Debug|Any CPU
		{6EB6D8D7-1131-4BE3-A72B-4EAB34F567A6}.Debug|x64.Build.0 = Debug|Any CPU
		{6EB6D8D7-1131-4BE3-A72B-4EAB34F567A6}.Debug|x86.ActiveCfg = Debug|Any CPU
		{6EB6D8D7-1131-4BE3-A72B-4EAB34F567A6}.Debug|x86.Build.0 = Debug|Any CPU
		{6EB6D8D7-1131-4BE3-A72B-4EAB34F567A6}.Release|Any CPU.ActiveCfg = Release|Any CPU
		{6EB6D8D7-1131-4BE3-A72B-4EAB34F567A6}.Release|Any CPU.Build.0 = Release|Any CPU
		{6EB6D8D7-1131-4BE3-A72B-4EAB34F567A6}.Release|x64.ActiveCfg = Release|Any CPU
		{6EB6D8D7-1131-4BE3-A72B-4EAB34F567A6}.Release|x64.Build.0 = Release|Any CPU
		{6EB6D8D7-1131-4BE3-A72B-4EAB34F567A6}.Release|x86.ActiveCfg = Release|Any CPU
		{6EB6D8D7-1131-4BE3-A72B-4EAB34F567A6}.Release|x86.Build.0 = Release|Any CPU
		{30100800-ABDE-4D03-A7E2-2DDB9E838BEC}.Debug|Any CPU.ActiveCfg = Debug|Any CPU
		{30100800-ABDE-4D03-A7E2-2DDB9E838BEC}.Debug|Any CPU.Build.0 = Debug|Any CPU
		{30100800-ABDE-4D03-A7E2-2DDB9E838BEC}.Debug|x64.ActiveCfg = Debug|Any CPU
		{30100800-ABDE-4D03-A7E2-2DDB9E838BEC}.Debug|x64.Build.0 = Debug|Any CPU
		{30100800-ABDE-4D03-A7E2-2DDB9E838BEC}.Debug|x86.ActiveCfg = Debug|Any CPU
		{30100800-ABDE-4D03-A7E2-2DDB9E838BEC}.Debug|x86.Build.0 = Debug|Any CPU
		{30100800-ABDE-4D03-A7E2-2DDB9E838BEC}.Release|Any CPU.ActiveCfg = Release|Any CPU
		{30100800-ABDE-4D03-A7E2-2DDB9E838BEC}.Release|Any CPU.Build.0 = Release|Any CPU
		{30100800-ABDE-4D03-A7E2-2DDB9E838BEC}.Release|x64.ActiveCfg = Release|Any CPU
		{30100800-ABDE-4D03-A7E2-2DDB9E838BEC}.Release|x64.Build.0 = Release|Any CPU
		{30100800-ABDE-4D03-A7E2-2DDB9E838BEC}.Release|x86.ActiveCfg = Release|Any CPU
		{30100800-ABDE-4D03-A7E2-2DDB9E838BEC}.Release|x86.Build.0 = Release|Any CPU
	EndGlobalSection
	GlobalSection(SolutionProperties) = preSolution
		HideSolutionNode = FALSE
	EndGlobalSection
	GlobalSection(NestedProjects) = preSolution
		{1503D31B-422A-4206-BA17-8AF20C60E160} = {32490384-52C5-C4A9-46F5-A97E9D144A0C}
		{971E904C-28D8-4D5F-ACF7-3258CB573ED3} = {32490384-52C5-C4A9-46F5-A97E9D144A0C}
		{6B1BAE73-2910-44E8-B44C-40D0D4759888} = {32490384-52C5-C4A9-46F5-A97E9D144A0C}
		{345B6633-BCF1-46EC-BC8C-32F8DC578F27} = {BC0265BF-FD43-4440-A265-0E70F62B1410}
		{5EA06EF6-D29F-4655-8E74-82A7E1760813} = {345B6633-BCF1-46EC-BC8C-32F8DC578F27}
		{08E6CEE1-92AE-4D0B-8D88-A912EC4E4CA9} = {345B6633-BCF1-46EC-BC8C-32F8DC578F27}
		{1BE1A393-160D-453F-9FF6-D121C7CBD09B} = {345B6633-BCF1-46EC-BC8C-32F8DC578F27}
		{05C94A9C-DB3F-459C-9E07-833982EB7763} = {BC0265BF-FD43-4440-A265-0E70F62B1410}
		{E310A2A0-E889-4108-A348-35C462445AEC} = {05C94A9C-DB3F-459C-9E07-833982EB7763}
		{0CF85462-144A-4E84-B9A7-2F0ACCD51832} = {05C94A9C-DB3F-459C-9E07-833982EB7763}
		{E98BF070-B173-4ED1-AC45-B8A719E647CF} = {05C94A9C-DB3F-459C-9E07-833982EB7763}
		{7D6E78DC-A990-49CD-BE53-D9D98636D797} = {05C94A9C-DB3F-459C-9E07-833982EB7763}
		{188EA6A5-3E18-42C7-8622-06482F4A74FF} = {7D6E78DC-A990-49CD-BE53-D9D98636D797}
		{2215D279-0654-4092-8678-D79F02180950} = {7D6E78DC-A990-49CD-BE53-D9D98636D797}
		{52D9A04C-C826-4A71-94F3-40BF48A45163} = {7D6E78DC-A990-49CD-BE53-D9D98636D797}
		{D91A1CE8-4CFB-411E-A674-F7D6DF062BBD} = {E98BF070-B173-4ED1-AC45-B8A719E647CF}
		{A1F44379-1017-4EBA-A8CC-02F63879BAF3} = {0CF85462-144A-4E84-B9A7-2F0ACCD51832}
		{D9242FD3-2743-4887-B2F9-4CC2ECE5F0ED} = {0CF85462-144A-4E84-B9A7-2F0ACCD51832}
		{1C6A398D-62F3-458E-B052-B44F5724A2BB} = {E310A2A0-E889-4108-A348-35C462445AEC}
		{0AE6D698-7CC9-4DB6-974D-FD12E586DC01} = {345B6633-BCF1-46EC-BC8C-32F8DC578F27}
		{FBB62D9A-412F-0CA0-2546-7466C72829D9} = {E310A2A0-E889-4108-A348-35C462445AEC}
		{32490384-52C5-C4A9-46F5-A97E9D144A0C} = {BC0265BF-FD43-4440-A265-0E70F62B1410}
		{BA27A583-52C8-4913-9AD0-14822780A901} = {EC5B203A-C41A-429B-8903-39151D371607}
		{EC5B203A-C41A-429B-8903-39151D371607} = {32490384-52C5-C4A9-46F5-A97E9D144A0C}
		{3E5C8F26-D0B2-40AF-B3F8-B94250EC5FA6} = {EC5B203A-C41A-429B-8903-39151D371607}
		{59AA3E81-119C-4E3C-9CAC-1C6C3E0CBE6E} = {6B1BAE73-2910-44E8-B44C-40D0D4759888}
		{DC30C41F-017B-416C-A348-0112BD4AD70F} = {971E904C-28D8-4D5F-ACF7-3258CB573ED3}
		{5DB56F05-A163-4BBF-9C90-45243061B194} = {1503D31B-422A-4206-BA17-8AF20C60E160}
		{49D4F1A9-CCCC-471A-B4BD-EFA3D2D630D4} = {1503D31B-422A-4206-BA17-8AF20C60E160}
		{6EB6D8D7-1131-4BE3-A72B-4EAB34F567A6} = {1503D31B-422A-4206-BA17-8AF20C60E160}
		{30100800-ABDE-4D03-A7E2-2DDB9E838BEC} = {6B1BAE73-2910-44E8-B44C-40D0D4759888}
	EndGlobalSection
	GlobalSection(ExtensibilityGlobals) = postSolution
		SolutionGuid = {5401E5B9-6C83-4498-AF90-19477905BBAA}
	EndGlobalSection
EndGlobal
